
Microsoft Visual Studio Solution File, Format Version 12.00
# Visual Studio Version 17
VisualStudioVersion = 17.1.32228.430
MinimumVisualStudioVersion = 10.0.40219.1
Project("{FAE04EC0-301F-11D3-BF4B-00C04F79EFBC}") = "PasswordManager.API", "PasswordManager.API\PasswordManager.API.csproj", "{FDAA8C58-D5E6-44CD-A43E-79AA5E8AAC28}"
EndProject
Project("{FAE04EC0-301F-11D3-BF4B-00C04F79EFBC}") = "PasswordManager.Core", "PasswordManager.Core\PasswordManager.Core.csproj", "{6FC9F000-A8EA-4ED0-A495-5B015F421F9A}"
EndProject
Project("{FAE04EC0-301F-11D3-BF4B-00C04F79EFBC}") = "PasswordManager.Infrastructure", "PasswordManager.Infrastructure\PasswordManager.Infrastructure.csproj", "{52F7B08D-CB05-4B4E-A920-0A64DE892660}"
EndProject
Project("{FAE04EC0-301F-11D3-BF4B-00C04F79EFBC}") = "PasswordManager.Entities", "PasswordManager.Entities\PasswordManager.Entities.csproj", "{EC4A24A4-083A-4137-B6F0-9A8B683BF3FB}"
EndProject
Global
	GlobalSection(SolutionConfigurationPlatforms) = preSolution
		Debug|Any CPU = Debug|Any CPU
		Release|Any CPU = Release|Any CPU
	EndGlobalSection
	GlobalSection(ProjectConfigurationPlatforms) = postSolution
		{FDAA8C58-D5E6-44CD-A43E-79AA5E8AAC28}.Debug|Any CPU.ActiveCfg = Debug|Any CPU
		{FDAA8C58-D5E6-44CD-A43E-79AA5E8AAC28}.Debug|Any CPU.Build.0 = Debug|Any CPU
		{FDAA8C58-D5E6-44CD-A43E-79AA5E8AAC28}.Release|Any CPU.ActiveCfg = Release|Any CPU
		{FDAA8C58-D5E6-44CD-A43E-79AA5E8AAC28}.Release|Any CPU.Build.0 = Release|Any CPU
		{6FC9F000-A8EA-4ED0-A495-5B015F421F9A}.Debug|Any CPU.ActiveCfg = Debug|Any CPU
		{6FC9F000-A8EA-4ED0-A495-5B015F421F9A}.Debug|Any CPU.Build.0 = Debug|Any CPU
		{6FC9F000-A8EA-4ED0-A495-5B015F421F9A}.Release|Any CPU.ActiveCfg = Release|Any CPU
		{6FC9F000-A8EA-4ED0-A495-5B015F421F9A}.Release|Any CPU.Build.0 = Release|Any CPU
		{52F7B08D-CB05-4B4E-A920-0A64DE892660}.Debug|Any CPU.ActiveCfg = Debug|Any CPU
		{52F7B08D-CB05-4B4E-A920-0A64DE892660}.Debug|Any CPU.Build.0 = Debug|Any CPU
		{52F7B08D-CB05-4B4E-A920-0A64DE892660}.Release|Any CPU.ActiveCfg = Release|Any CPU
		{52F7B08D-CB05-4B4E-A920-0A64DE892660}.Release|Any CPU.Build.0 = Release|Any CPU
		{EC4A24A4-083A-4137-B6F0-9A8B683BF3FB}.Debug|Any CPU.ActiveCfg = Debug|Any CPU
		{EC4A24A4-083A-4137-B6F0-9A8B683BF3FB}.Debug|Any CPU.Build.0 = Debug|Any CPU
		{EC4A24A4-083A-4137-B6F0-9A8B683BF3FB}.Release|Any CPU.ActiveCfg = Release|Any CPU
		{EC4A24A4-083A-4137-B6F0-9A8B683BF3FB}.Release|Any CPU.Build.0 = Release|Any CPU
	EndGlobalSection
	GlobalSection(SolutionProperties) = preSolution
		HideSolutionNode = FALSE
	EndGlobalSection
	GlobalSection(ExtensibilityGlobals) = postSolution
		SolutionGuid = {C64C9D60-C48E-414E-AAD5-F87FEFAED8C0}
	EndGlobalSection
EndGlobal
